
Microsoft Visual Studio Solution File, Format Version 12.00
# Visual Studio 15
VisualStudioVersion = 15.0.28307.271
MinimumVisualStudioVersion = 10.0.40219.1
Project("{FAE04EC0-301F-11D3-BF4B-00C04F79EFBC}") = "Rack", "Rack\Rack.csproj", "{BA6788FD-7479-47D6-B29F-118161D22071}"
EndProject
Project("{FAE04EC0-301F-11D3-BF4B-00C04F79EFBC}") = "RackTool", "RackTool\RackTool.csproj", "{B6155890-E482-4954-90B2-10F327A294F3}"
EndProject
Global
	GlobalSection(SolutionConfigurationPlatforms) = preSolution
		Debug|Any CPU = Debug|Any CPU
		Release|Any CPU = Release|Any CPU
	EndGlobalSection
	GlobalSection(ProjectConfigurationPlatforms) = postSolution
		{BA6788FD-7479-47D6-B29F-118161D22071}.Debug|Any CPU.ActiveCfg = Debug|Any CPU
		{BA6788FD-7479-47D6-B29F-118161D22071}.Debug|Any CPU.Build.0 = Debug|Any CPU
		{BA6788FD-7479-47D6-B29F-118161D22071}.Release|Any CPU.ActiveCfg = Release|Any CPU
		{BA6788FD-7479-47D6-B29F-118161D22071}.Release|Any CPU.Build.0 = Release|Any CPU
		{B6155890-E482-4954-90B2-10F327A294F3}.Debug|Any CPU.ActiveCfg = Debug|Any CPU
		{B6155890-E482-4954-90B2-10F327A294F3}.Debug|Any CPU.Build.0 = Debug|Any CPU
		{B6155890-E482-4954-90B2-10F327A294F3}.Release|Any CPU.ActiveCfg = Release|Any CPU
		{B6155890-E482-4954-90B2-10F327A294F3}.Release|Any CPU.Build.0 = Release|Any CPU
	EndGlobalSection
	GlobalSection(SolutionProperties) = preSolution
		HideSolutionNode = FALSE
	EndGlobalSection
	GlobalSection(ExtensibilityGlobals) = postSolution
		SolutionGuid = {E567D340-3EB5-4966-8089-6026E82F409C}
	EndGlobalSection
EndGlobal
